
Microsoft Visual Studio Solution File, Format Version 12.00
# Visual Studio Version 17
VisualStudioVersion = 17.9.34701.34
MinimumVisualStudioVersion = 10.0.40219.1
Project("{9A19103F-16F7-4668-BE54-9A1E7A4F7556}") = "ConsoleProject", "ConsoleProject\ConsoleProject.csproj", "{1E2D7DC0-63A5-4A21-A2CA-E244AEC4F5F5}"
EndProject
Project("{9A19103F-16F7-4668-BE54-9A1E7A4F7556}") = "ClassesApp", "ClassesApp\ClassesApp.csproj", "{B482AC61-851D-47E8-A11F-5E286C5BB253}"
EndProject
Project("{9A19103F-16F7-4668-BE54-9A1E7A4F7556}") = "LinqApp", "LinqApp\LinqApp.csproj", "{71CC74CC-8C3D-4F38-A33C-D8EEEF15567D}"
EndProject
Project("{9A19103F-16F7-4668-BE54-9A1E7A4F7556}") = "POOApp", "POOApp\POOApp.csproj", "{8F6BF998-C1A8-4412-A753-2E83AAE94BDA}"
EndProject
Project("{9A19103F-16F7-4668-BE54-9A1E7A4F7556}") = "LinqAppContext", "LinqAppContext\LinqAppContext.csproj", "{4E6433D1-DE7C-46C7-A53B-2CA941070E61}"
EndProject
Project("{9A19103F-16F7-4668-BE54-9A1E7A4F7556}") = "GestionCoursWeb", "GestionCoursWeb\GestionCoursWeb.csproj", "{55CB56A2-6B5B-4738-9335-0BCD9706D3A8}"
EndProject
Project("{FAE04EC0-301F-11D3-BF4B-00C04F79EFBC}") = "CoursAPI", "CoursAPI\CoursAPI.csproj", "{76601A3A-3CDA-4D2A-BF9E-4EE423026E7C}"
EndProject
Global
	GlobalSection(SolutionConfigurationPlatforms) = preSolution
		Debug|Any CPU = Debug|Any CPU
		Release|Any CPU = Release|Any CPU
	EndGlobalSection
	GlobalSection(ProjectConfigurationPlatforms) = postSolution
		{1E2D7DC0-63A5-4A21-A2CA-E244AEC4F5F5}.Debug|Any CPU.ActiveCfg = Debug|Any CPU
		{1E2D7DC0-63A5-4A21-A2CA-E244AEC4F5F5}.Debug|Any CPU.Build.0 = Debug|Any CPU
		{1E2D7DC0-63A5-4A21-A2CA-E244AEC4F5F5}.Release|Any CPU.ActiveCfg = Release|Any CPU
		{1E2D7DC0-63A5-4A21-A2CA-E244AEC4F5F5}.Release|Any CPU.Build.0 = Release|Any CPU
		{B482AC61-851D-47E8-A11F-5E286C5BB253}.Debug|Any CPU.ActiveCfg = Debug|Any CPU
		{B482AC61-851D-47E8-A11F-5E286C5BB253}.Debug|Any CPU.Build.0 = Debug|Any CPU
		{B482AC61-851D-47E8-A11F-5E286C5BB253}.Release|Any CPU.ActiveCfg = Release|Any CPU
		{B482AC61-851D-47E8-A11F-5E286C5BB253}.Release|Any CPU.Build.0 = Release|Any CPU
		{71CC74CC-8C3D-4F38-A33C-D8EEEF15567D}.Debug|Any CPU.ActiveCfg = Debug|Any CPU
		{71CC74CC-8C3D-4F38-A33C-D8EEEF15567D}.Debug|Any CPU.Build.0 = Debug|Any CPU
		{71CC74CC-8C3D-4F38-A33C-D8EEEF15567D}.Release|Any CPU.ActiveCfg = Release|Any CPU
		{71CC74CC-8C3D-4F38-A33C-D8EEEF15567D}.Release|Any CPU.Build.0 = Release|Any CPU
		{8F6BF998-C1A8-4412-A753-2E83AAE94BDA}.Debug|Any CPU.ActiveCfg = Debug|Any CPU
		{8F6BF998-C1A8-4412-A753-2E83AAE94BDA}.Debug|Any CPU.Build.0 = Debug|Any CPU
		{8F6BF998-C1A8-4412-A753-2E83AAE94BDA}.Release|Any CPU.ActiveCfg = Release|Any CPU
		{8F6BF998-C1A8-4412-A753-2E83AAE94BDA}.Release|Any CPU.Build.0 = Release|Any CPU
		{4E6433D1-DE7C-46C7-A53B-2CA941070E61}.Debug|Any CPU.ActiveCfg = Debug|Any CPU
		{4E6433D1-DE7C-46C7-A53B-2CA941070E61}.Debug|Any CPU.Build.0 = Debug|Any CPU
		{4E6433D1-DE7C-46C7-A53B-2CA941070E61}.Release|Any CPU.ActiveCfg = Release|Any CPU
		{4E6433D1-DE7C-46C7-A53B-2CA941070E61}.Release|Any CPU.Build.0 = Release|Any CPU
		{55CB56A2-6B5B-4738-9335-0BCD9706D3A8}.Debug|Any CPU.ActiveCfg = Debug|Any CPU
		{55CB56A2-6B5B-4738-9335-0BCD9706D3A8}.Debug|Any CPU.Build.0 = Debug|Any CPU
		{55CB56A2-6B5B-4738-9335-0BCD9706D3A8}.Release|Any CPU.ActiveCfg = Release|Any CPU
		{55CB56A2-6B5B-4738-9335-0BCD9706D3A8}.Release|Any CPU.Build.0 = Release|Any CPU
		{76601A3A-3CDA-4D2A-BF9E-4EE423026E7C}.Debug|Any CPU.ActiveCfg = Debug|Any CPU
		{76601A3A-3CDA-4D2A-BF9E-4EE423026E7C}.Debug|Any CPU.Build.0 = Debug|Any CPU
		{76601A3A-3CDA-4D2A-BF9E-4EE423026E7C}.Release|Any CPU.ActiveCfg = Release|Any CPU
		{76601A3A-3CDA-4D2A-BF9E-4EE423026E7C}.Release|Any CPU.Build.0 = Release|Any CPU
	EndGlobalSection
	GlobalSection(SolutionProperties) = preSolution
		HideSolutionNode = FALSE
	EndGlobalSection
	GlobalSection(ExtensibilityGlobals) = postSolution
		SolutionGuid = {D3833BAA-49E3-4E15-AD10-5525A581354A}
	EndGlobalSection
EndGlobal
